
Microsoft Visual Studio Solution File, Format Version 12.00
# Visual Studio Version 17
VisualStudioVersion = 17.3.32901.215
MinimumVisualStudioVersion = 10.0.40219.1
Project("{FAE04EC0-301F-11D3-BF4B-00C04F79EFBC}") = "WindowsFormsApp1", "WindowsFormsApp1\WindowsFormsApp1.csproj", "{F2AADEAD-AB18-42D5-939C-0F910428D31C}"
EndProject
Global
	GlobalSection(SolutionConfigurationPlatforms) = preSolution
		Debug|Any CPU = Debug|Any CPU
		Release|Any CPU = Release|Any CPU
	EndGlobalSection
	GlobalSection(ProjectConfigurationPlatforms) = postSolution
		{F2AADEAD-AB18-42D5-939C-0F910428D31C}.Debug|Any CPU.ActiveCfg = Debug|Any CPU
		{F2AADEAD-AB18-42D5-939C-0F910428D31C}.Debug|Any CPU.Build.0 = Debug|Any CPU
		{F2AADEAD-AB18-42D5-939C-0F910428D31C}.Release|Any CPU.ActiveCfg = Release|Any CPU
		{F2AADEAD-AB18-42D5-939C-0F910428D31C}.Release|Any CPU.Build.0 = Release|Any CPU
	EndGlobalSection
	GlobalSection(SolutionProperties) = preSolution
		HideSolutionNode = FALSE
	EndGlobalSection
	GlobalSection(ExtensibilityGlobals) = postSolution
		SolutionGuid = {C031D93E-8889-4D60-A35C-2B669B6783A3}
	EndGlobalSection
EndGlobal
